// !$*UTF8*$!
{
	archiveVersion = 1;
	classes = {
	};
	objectVersion = 46;
	objects = {

/* Begin PBXBuildFile section */
		2701D66D18DB0D9E009CF5BC /* main.cpp in Sources */ = {isa = PBXBuildFile; fileRef = 2701D66B18DB0D9E009CF5BC /* main.cpp */; };
		2701D66E18DB0D9E009CF5BC /* q3bsploader.cpp in Sources */ = {isa = PBXBuildFile; fileRef = 2701D66C18DB0D9E009CF5BC /* q3bsploader.cpp */; };
		2701D67118DB0DB9009CF5BC /* OpenGL.framework in Frameworks */ = {isa = PBXBuildFile; fileRef = 2701D67018DB0DB9009CF5BC /* OpenGL.framework */; };
		2701D67818DB0DD5009CF5BC /* GLEW.framework in Frameworks */ = {isa = PBXBuildFile; fileRef = 2701D67218DB0DD5009CF5BC /* GLEW.framework */; };
		2701D67918DB0DD5009CF5BC /* sfml-audio.framework in Frameworks */ = {isa = PBXBuildFile; fileRef = 2701D67318DB0DD5009CF5BC /* sfml-audio.framework */; };
		2701D67A18DB0DD5009CF5BC /* sfml-graphics.framework in Frameworks */ = {isa = PBXBuildFile; fileRef = 2701D67418DB0DD5009CF5BC /* sfml-graphics.framework */; };
		2701D67B18DB0DD5009CF5BC /* sfml-system.framework in Frameworks */ = {isa = PBXBuildFile; fileRef = 2701D67518DB0DD5009CF5BC /* sfml-system.framework */; };
		2701D67C18DB0DD5009CF5BC /* sfml-window.framework in Frameworks */ = {isa = PBXBuildFile; fileRef = 2701D67618DB0DD5009CF5BC /* sfml-window.framework */; };
		2701D67D18DB0DD5009CF5BC /* SFML.framework in Frameworks */ = {isa = PBXBuildFile; fileRef = 2701D67718DB0DD5009CF5BC /* SFML.framework */; };
		2701D70D18DD926C009CF5BC /* texture.frag in CopyFiles */ = {isa = PBXBuildFile; fileRef = 2701D6C918DD67D1009CF5BC /* texture.frag */; };
		2701D70E18DD926C009CF5BC /* texture.vert in CopyFiles */ = {isa = PBXBuildFile; fileRef = 2701D6CA18DD67D1009CF5BC /* texture.vert */; };
/* End PBXBuildFile section */

/* Begin PBXCopyFilesBuildPhase section */
		2701D65A18DB0C7D009CF5BC /* CopyFiles */ = {
			isa = PBXCopyFilesBuildPhase;
			buildActionMask = 12;
			dstPath = "";
			dstSubfolderSpec = 16;
			files = (
				2701D70D18DD926C009CF5BC /* texture.frag in CopyFiles */,
				2701D70E18DD926C009CF5BC /* texture.vert in CopyFiles */,
			);
			runOnlyForDeploymentPostprocessing = 0;
		};
/* End PBXCopyFilesBuildPhase section */

/* Begin PBXFileReference section */
		2701D65C18DB0C7D009CF5BC /* SFMLOPENGL */ = {isa = PBXFileReference; explicitFileType = "compiled.mach-o.executable"; includeInIndex = 0; path = SFMLOPENGL; sourceTree = BUILT_PRODUCTS_DIR; };
		2701D66A18DB0D9E009CF5BC /* j7util.hpp */ = {isa = PBXFileReference; fileEncoding = 4; lastKnownFileType = sourcecode.cpp.h; path = j7util.hpp; sourceTree = "<group>"; };
		2701D66B18DB0D9E009CF5BC /* main.cpp */ = {isa = PBXFileReference; fileEncoding = 4; lastKnownFileType = sourcecode.cpp.cpp; path = main.cpp; sourceTree = "<group>"; };
		2701D66C18DB0D9E009CF5BC /* q3bsploader.cpp */ = {isa = PBXFileReference; fileEncoding = 4; lastKnownFileType = sourcecode.cpp.cpp; path = q3bsploader.cpp; sourceTree = "<group>"; };
		2701D66F18DB0DAC009CF5BC /* q3bsploader.h */ = {isa = PBXFileReference; lastKnownFileType = sourcecode.c.h; path = q3bsploader.h; sourceTree = "<group>"; };
		2701D67018DB0DB9009CF5BC /* OpenGL.framework */ = {isa = PBXFileReference; lastKnownFileType = wrapper.framework; name = OpenGL.framework; path = System/Library/Frameworks/OpenGL.framework; sourceTree = SDKROOT; };
		2701D67218DB0DD5009CF5BC /* GLEW.framework */ = {isa = PBXFileReference; lastKnownFileType = wrapper.framework; name = GLEW.framework; path = ../../../Library/Frameworks/GLEW.framework; sourceTree = "<group>"; };
		2701D67318DB0DD5009CF5BC /* sfml-audio.framework */ = {isa = PBXFileReference; lastKnownFileType = wrapper.framework; name = "sfml-audio.framework"; path = "../../../Library/Frameworks/sfml-audio.framework"; sourceTree = "<group>"; };
		2701D67418DB0DD5009CF5BC /* sfml-graphics.framework */ = {isa = PBXFileReference; lastKnownFileType = wrapper.framework; name = "sfml-graphics.framework"; path = "../../../Library/Frameworks/sfml-graphics.framework"; sourceTree = "<group>"; };
		2701D67518DB0DD5009CF5BC /* sfml-system.framework */ = {isa = PBXFileReference; lastKnownFileType = wrapper.framework; name = "sfml-system.framework"; path = "../../../Library/Frameworks/sfml-system.framework"; sourceTree = "<group>"; };
		2701D67618DB0DD5009CF5BC /* sfml-window.framework */ = {isa = PBXFileReference; lastKnownFileType = wrapper.framework; name = "sfml-window.framework"; path = "../../../Library/Frameworks/sfml-window.framework"; sourceTree = "<group>"; };
		2701D67718DB0DD5009CF5BC /* SFML.framework */ = {isa = PBXFileReference; lastKnownFileType = wrapper.framework; name = SFML.framework; path = ../../../Library/Frameworks/SFML.framework; sourceTree = "<group>"; };
		2701D6C918DD67D1009CF5BC /* texture.frag */ = {isa = PBXFileReference; lastKnownFileType = sourcecode.glsl; path = texture.frag; sourceTree = "<group>"; };
		2701D6CA18DD67D1009CF5BC /* texture.vert */ = {isa = PBXFileReference; lastKnownFileType = sourcecode.glsl; path = texture.vert; sourceTree = "<group>"; };
/* End PBXFileReference section */

/* Begin PBXFrameworksBuildPhase section */
		2701D65918DB0C7D009CF5BC /* Frameworks */ = {
			isa = PBXFrameworksBuildPhase;
			buildActionMask = 2147483647;
			files = (
				2701D67818DB0DD5009CF5BC /* GLEW.framework in Frameworks */,
				2701D67918DB0DD5009CF5BC /* sfml-audio.framework in Frameworks */,
				2701D67A18DB0DD5009CF5BC /* sfml-graphics.framework in Frameworks */,
				2701D67B18DB0DD5009CF5BC /* sfml-system.framework in Frameworks */,
				2701D67C18DB0DD5009CF5BC /* sfml-window.framework in Frameworks */,
				2701D67D18DB0DD5009CF5BC /* SFML.framework in Frameworks */,
				2701D67118DB0DB9009CF5BC /* OpenGL.framework in Frameworks */,
			);
			runOnlyForDeploymentPostprocessing = 0;
		};
/* End PBXFrameworksBuildPhase section */

/* Begin PBXGroup section */
		2701D65318DB0C7D009CF5BC = {
			isa = PBXGroup;
			children = (
				2701D68618DC569C009CF5BC /* Frameworks */,
				2701D66918DB0D81009CF5BC /* Source */,
				2701D66818DB0D79009CF5BC /* Headers */,
				2701D65D18DB0C7D009CF5BC /* Products */,
			);
			sourceTree = "<group>";
		};
		2701D65D18DB0C7D009CF5BC /* Products */ = {
			isa = PBXGroup;
			children = (
				2701D65C18DB0C7D009CF5BC /* SFMLOPENGL */,
			);
			name = Products;
			sourceTree = "<group>";
		};
		2701D66818DB0D79009CF5BC /* Headers */ = {
			isa = PBXGroup;
			children = (
				2701D66F18DB0DAC009CF5BC /* q3bsploader.h */,
			);
			name = Headers;
			sourceTree = "<group>";
		};
		2701D66918DB0D81009CF5BC /* Source */ = {
			isa = PBXGroup;
			children = (
				2701D6C918DD67D1009CF5BC /* texture.frag */,
				2701D6CA18DD67D1009CF5BC /* texture.vert */,
				2701D66A18DB0D9E009CF5BC /* j7util.hpp */,
				2701D66B18DB0D9E009CF5BC /* main.cpp */,
				2701D66C18DB0D9E009CF5BC /* q3bsploader.cpp */,
			);
			name = Source;
			sourceTree = "<group>";
		};
		2701D68618DC569C009CF5BC /* Frameworks */ = {
			isa = PBXGroup;
			children = (
				2701D67218DB0DD5009CF5BC /* GLEW.framework */,
				2701D67318DB0DD5009CF5BC /* sfml-audio.framework */,
				2701D67418DB0DD5009CF5BC /* sfml-graphics.framework */,
				2701D67518DB0DD5009CF5BC /* sfml-system.framework */,
				2701D67618DB0DD5009CF5BC /* sfml-window.framework */,
				2701D67718DB0DD5009CF5BC /* SFML.framework */,
				2701D67018DB0DB9009CF5BC /* OpenGL.framework */,
			);
			name = Frameworks;
			sourceTree = "<group>";
		};
/* End PBXGroup section */

/* Begin PBXNativeTarget section */
		2701D65B18DB0C7D009CF5BC /* SFMLOPENGL */ = {
			isa = PBXNativeTarget;
			buildConfigurationList = 2701D66518DB0C7D009CF5BC /* Build configuration list for PBXNativeTarget "SFMLOPENGL" */;
			buildPhases = (
				2701D65818DB0C7D009CF5BC /* Sources */,
				2701D65918DB0C7D009CF5BC /* Frameworks */,
				2701D65A18DB0C7D009CF5BC /* CopyFiles */,
			);
			buildRules = (
			);
			dependencies = (
			);
			name = SFMLOPENGL;
			productName = SFMLOPENGL;
			productReference = 2701D65C18DB0C7D009CF5BC /* SFMLOPENGL */;
			productType = "com.apple.product-type.tool";
		};
/* End PBXNativeTarget section */

/* Begin PBXProject section */
		2701D65418DB0C7D009CF5BC /* Project object */ = {
			isa = PBXProject;
			attributes = {
				LastUpgradeCheck = 0510;
				ORGANIZATIONNAME = Jarvik7;
			};
			buildConfigurationList = 2701D65718DB0C7D009CF5BC /* Build configuration list for PBXProject "SFMLOPENGL" */;
			compatibilityVersion = "Xcode 3.2";
			developmentRegion = English;
			hasScannedForEncodings = 0;
			knownRegions = (
				en,
			);
			mainGroup = 2701D65318DB0C7D009CF5BC;
			productRefGroup = 2701D65D18DB0C7D009CF5BC /* Products */;
			projectDirPath = "";
			projectRoot = "";
			targets = (
				2701D65B18DB0C7D009CF5BC /* SFMLOPENGL */,
			);
		};
/* End PBXProject section */

/* Begin PBXSourcesBuildPhase section */
		2701D65818DB0C7D009CF5BC /* Sources */ = {
			isa = PBXSourcesBuildPhase;
			buildActionMask = 2147483647;
			files = (
				2701D66E18DB0D9E009CF5BC /* q3bsploader.cpp in Sources */,
				2701D66D18DB0D9E009CF5BC /* main.cpp in Sources */,
			);
			runOnlyForDeploymentPostprocessing = 0;
		};
/* End PBXSourcesBuildPhase section */

/* Begin XCBuildConfiguration section */
		2701D66318DB0C7D009CF5BC /* Debug */ = {
			isa = XCBuildConfiguration;
			buildSettings = {
				ALWAYS_SEARCH_USER_PATHS = NO;
				CLANG_CXX_LANGUAGE_STANDARD = "gnu++0x";
				CLANG_CXX_LIBRARY = "libc++";
				CLANG_ENABLE_MODULES = YES;
				CLANG_ENABLE_OBJC_ARC = YES;
				CLANG_WARN_BOOL_CONVERSION = YES;
				CLANG_WARN_CONSTANT_CONVERSION = YES;
				CLANG_WARN_DIRECT_OBJC_ISA_USAGE = YES_ERROR;
				CLANG_WARN_EMPTY_BODY = YES;
				CLANG_WARN_ENUM_CONVERSION = YES;
				CLANG_WARN_INT_CONVERSION = YES;
				CLANG_WARN_OBJC_ROOT_CLASS = YES_ERROR;
				CLANG_WARN__DUPLICATE_METHOD_MATCH = YES;
				COPY_PHASE_STRIP = NO;
				GCC_C_LANGUAGE_STANDARD = gnu99;
				GCC_DYNAMIC_NO_PIC = NO;
				GCC_ENABLE_OBJC_EXCEPTIONS = YES;
				GCC_OPTIMIZATION_LEVEL = 0;
				GCC_PREPROCESSOR_DEFINITIONS = (
					"DEBUG=1",
					"$(inherited)",
				);
				GCC_SYMBOLS_PRIVATE_EXTERN = NO;
				GCC_WARN_64_TO_32_BIT_CONVERSION = YES;
				GCC_WARN_ABOUT_RETURN_TYPE = YES_ERROR;
				GCC_WARN_UNDECLARED_SELECTOR = YES;
				GCC_WARN_UNINITIALIZED_AUTOS = YES_AGGRESSIVE;
				GCC_WARN_UNUSED_FUNCTION = YES;
				GCC_WARN_UNUSED_VARIABLE = YES;
				MACOSX_DEPLOYMENT_TARGET = 10.9;
				ONLY_ACTIVE_ARCH = YES;
				SDKROOT = macosx;
			};
			name = Debug;
		};
		2701D66418DB0C7D009CF5BC /* Release */ = {
			isa = XCBuildConfiguration;
			buildSettings = {
				ALWAYS_SEARCH_USER_PATHS = NO;
				CLANG_CXX_LANGUAGE_STANDARD = "gnu++0x";
				CLANG_CXX_LIBRARY = "libc++";
				CLANG_ENABLE_MODULES = YES;
				CLANG_ENABLE_OBJC_ARC = YES;
				CLANG_WARN_BOOL_CONVERSION = YES;
				CLANG_WARN_CONSTANT_CONVERSION = YES;
				CLANG_WARN_DIRECT_OBJC_ISA_USAGE = YES_ERROR;
				CLANG_WARN_EMPTY_BODY = YES;
				CLANG_WARN_ENUM_CONVERSION = YES;
				CLANG_WARN_INT_CONVERSION = YES;
				CLANG_WARN_OBJC_ROOT_CLASS = YES_ERROR;
				CLANG_WARN__DUPLICATE_METHOD_MATCH = YES;
				COPY_PHASE_STRIP = YES;
				DEBUG_INFORMATION_FORMAT = "dwarf-with-dsym";
				ENABLE_NS_ASSERTIONS = NO;
				GCC_C_LANGUAGE_STANDARD = gnu99;
				GCC_ENABLE_OBJC_EXCEPTIONS = YES;
				GCC_WARN_64_TO_32_BIT_CONVERSION = YES;
				GCC_WARN_ABOUT_RETURN_TYPE = YES_ERROR;
				GCC_WARN_UNDECLARED_SELECTOR = YES;
				GCC_WARN_UNINITIALIZED_AUTOS = YES_AGGRESSIVE;
				GCC_WARN_UNUSED_FUNCTION = YES;
				GCC_WARN_UNUSED_VARIABLE = YES;
				MACOSX_DEPLOYMENT_TARGET = 10.9;
				SDKROOT = macosx;
			};
			name = Release;
		};
		2701D66618DB0C7D009CF5BC /* Debug */ = {
			isa = XCBuildConfiguration;
			buildSettings = {
				CLANG_WARN_SUSPICIOUS_IMPLICIT_CONVERSION = YES;
				FRAMEWORK_SEARCH_PATHS = (
					"$(inherited)",
					"$(USER_LIBRARY_DIR)/Frameworks",
				);
				GCC_WARN_SIGN_COMPARE = YES;
				HEADER_SEARCH_PATHS = (
					"$(inherited)",
					/Applications/Xcode.app/Contents/Developer/Toolchains/XcodeDefault.xctoolchain/usr/include,
					"/usr/local/Cellar/glm/0.9.6.1/include/**",
				);
				LIBRARY_SEARCH_PATHS = "$(inherited)";
				PRODUCT_NAME = "$(TARGET_NAME)";
			};
			name = Debug;
		};
		2701D66718DB0C7D009CF5BC /* Release */ = {
			isa = XCBuildConfiguration;
			buildSettings = {
				CLANG_WARN_SUSPICIOUS_IMPLICIT_CONVERSION = YES;
				FRAMEWORK_SEARCH_PATHS = (
					"$(inherited)",
					"$(USER_LIBRARY_DIR)/Frameworks",
				);
				GCC_WARN_SIGN_COMPARE = YES;
				HEADER_SEARCH_PATHS = (
					"$(inherited)",
					/Applications/Xcode.app/Contents/Developer/Toolchains/XcodeDefault.xctoolchain/usr/include,
					"/usr/local/Cellar/glm/0.9.6.1/include/**",
				);
				LIBRARY_SEARCH_PATHS = "$(inherited)";
				PRODUCT_NAME = "$(TARGET_NAME)";
			};
			name = Release;
		};
/* End XCBuildConfiguration section */

/* Begin XCConfigurationList section */
		2701D65718DB0C7D009CF5BC /* Build configuration list for PBXProject "SFMLOPENGL" */ = {
			isa = XCConfigurationList;
			buildConfigurations = (
				2701D66318DB0C7D009CF5BC /* Debug */,
				2701D66418DB0C7D009CF5BC /* Release */,
			);
			defaultConfigurationIsVisible = 0;
			defaultConfigurationName = Release;
		};
		2701D66518DB0C7D009CF5BC /* Build configuration list for PBXNativeTarget "SFMLOPENGL" */ = {
			isa = XCConfigurationList;
			buildConfigurations = (
				2701D66618DB0C7D009CF5BC /* Debug */,
				2701D66718DB0C7D009CF5BC /* Release */,
			);
			defaultConfigurationIsVisible = 0;
			defaultConfigurationName = Release;
		};
/* End XCConfigurationList section */
	};
	rootObject = 2701D65418DB0C7D009CF5BC /* Project object */;
}
